
Microsoft Visual Studio Solution File, Format Version 12.00
# Visual Studio Version 16
VisualStudioVersion = 16.0.36128.20
MinimumVisualStudioVersion = 10.0.40219.1
Project("{FAE04EC0-301F-11D3-BF4B-00C04F79EFBC}") = "OES_MVC", "OES_MVC\OES_MVC.csproj", "{888D0265-9B3D-4D57-A13D-75F5C0E08911}"
EndProject
Global
	GlobalSection(SolutionConfigurationPlatforms) = preSolution
		Debug|Any CPU = Debug|Any CPU
		Release|Any CPU = Release|Any CPU
	EndGlobalSection
	GlobalSection(ProjectConfigurationPlatforms) = postSolution
		{888D0265-9B3D-4D57-A13D-75F5C0E08911}.Debug|Any CPU.ActiveCfg = Debug|Any CPU
		{888D0265-9B3D-4D57-A13D-75F5C0E08911}.Debug|Any CPU.Build.0 = Debug|Any CPU
		{888D0265-9B3D-4D57-A13D-75F5C0E08911}.Release|Any CPU.ActiveCfg = Release|Any CPU
		{888D0265-9B3D-4D57-A13D-75F5C0E08911}.Release|Any CPU.Build.0 = Release|Any CPU
	EndGlobalSection
	GlobalSection(SolutionProperties) = preSolution
		HideSolutionNode = FALSE
	EndGlobalSection
	GlobalSection(ExtensibilityGlobals) = postSolution
		SolutionGuid = {17CFC196-4DFA-49E4-B87C-47F4D4E04FAE}
	EndGlobalSection
EndGlobal
